Microsoft Visual Studio Solution File, Format Version 12.00
# Visual Studio Version 17
VisualStudioVersion = 17.14.36623.8
MinimumVisualStudioVersion = 10.0.40219.1
Project("{FAE04EC0-301F-11D3-BF4B-00C04F79EFBC}") = "AdofaiOnline", "AdofaiOnline\AdofaiOnline.csproj", "{E1F2A3A1-5307-4D6E-AFC0-F62FE6536CB4}"
EndProject
Project("{2150E333-8FDC-42A3-9474-1A3956D46DE8}") = "Solution Items", "Solution Items", "{898AF6FF-AA47-43C6-ADA2-07FA2115466D}"
	ProjectSection(SolutionItems) = preProject
		.gitignore = .gitignore
		Info.json = Info.json
		make_release.bat = make_release.bat
		README.md = README.md
		Repository.json = Repository.json
		VERSION.txt = VERSION.txt
	EndProjectSection
EndProject
Global
	GlobalSection(SolutionConfigurationPlatforms) = preSolution
		BepInEx|Any CPU = BepInEx|Any CPU
		UMM|Any CPU = UMM|Any CPU
	EndGlobalSection
	GlobalSection(ProjectConfigurationPlatforms) = postSolution
		{E1F2A3A1-5307-4D6E-AFC0-F62FE6536CB4}.BepInEx|Any CPU.ActiveCfg = BepInEx|Any CPU
		{E1F2A3A1-5307-4D6E-AFC0-F62FE6536CB4}.BepInEx|Any CPU.Build.0 = BepInEx|Any CPU
		{E1F2A3A1-5307-4D6E-AFC0-F62FE6536CB4}.UMM|Any CPU.ActiveCfg = UMM|Any CPU
		{E1F2A3A1-5307-4D6E-AFC0-F62FE6536CB4}.UMM|Any CPU.Build.0 = UMM|Any CPU
	EndGlobalSection
	GlobalSection(SolutionProperties) = preSolution
		HideSolutionNode = FALSE
	EndGlobalSection
	GlobalSection(NestedProjects) = preSolution
		{E1F2A3A1-5307-4D6E-AFC0-F62FE6536CB4} = {898AF6FF-AA47-43C6-ADA2-07FA2115466D}
	EndGlobalSection
	GlobalSection(ExtensibilityGlobals) = postSolution
		SolutionGuid = {B3D22C66-4405-48E5-BCCE-F943F8A5DC19}
	EndGlobalSection
EndGlobal
