
Microsoft Visual Studio Solution File, Format Version 12.00
# Visual Studio Version 17
VisualStudioVersion = 17.14.36623.8 d17.14
MinimumVisualStudioVersion = 10.0.40219.1
Project("{FAE04EC0-301F-11D3-BF4B-00C04F79EFBC}") = "AdofaiOnline", "AdofaiOnline.csproj", "{1E43020C-02CE-0BC8-7A84-F54678A6EBB9}"
EndProject
Global
	GlobalSection(SolutionConfigurationPlatforms) = preSolution
		Debug|Any CPU = Debug|Any CPU
		Release|Any CPU = Release|Any CPU
	EndGlobalSection
	GlobalSection(ProjectConfigurationPlatforms) = postSolution
		{1E43020C-02CE-0BC8-7A84-F54678A6EBB9}.Debug|Any CPU.ActiveCfg = Debug|Any CPU
		{1E43020C-02CE-0BC8-7A84-F54678A6EBB9}.Debug|Any CPU.Build.0 = Debug|Any CPU
		{1E43020C-02CE-0BC8-7A84-F54678A6EBB9}.Release|Any CPU.ActiveCfg = Release|Any CPU
		{1E43020C-02CE-0BC8-7A84-F54678A6EBB9}.Release|Any CPU.Build.0 = Release|Any CPU
	EndGlobalSection
	GlobalSection(SolutionProperties) = preSolution
		HideSolutionNode = FALSE
	EndGlobalSection
	GlobalSection(ExtensibilityGlobals) = postSolution
		SolutionGuid = {7E372693-F737-47B1-94E8-723A6FAA4C87}
	EndGlobalSection
EndGlobal
